# This file is generated by running "yarn install" inside your project.
# Manual changes might be lost - proceed with caution!

__metadata:
  version: 8
  cacheKey: 10

"@biomejs/biome@npm:2.4.5":
  version: 2.4.5
  resolution: "@biomejs/biome@npm:2.4.5"
  dependencies:
    "@biomejs/cli-darwin-arm64": "npm:2.4.5"
    "@biomejs/cli-darwin-x64": "npm:2.4.5"
    "@biomejs/cli-linux-arm64": "npm:2.4.5"
    "@biomejs/cli-linux-arm64-musl": "npm:2.4.5"
    "@biomejs/cli-linux-x64": "npm:2.4.5"
    "@biomejs/cli-linux-x64-musl": "npm:2.4.5"
    "@biomejs/cli-win32-arm64": "npm:2.4.5"
    "@biomejs/cli-win32-x64": "npm:2.4.5"
  dependenciesMeta:
    "@biomejs/cli-darwin-arm64":
      optional: true
    "@biomejs/cli-darwin-x64":
      optional: true
    "@biomejs/cli-linux-arm64":
      optional: true
    "@biomejs/cli-linux-arm64-musl":
      optional: true
    "@biomejs/cli-linux-x64":
      optional: true
    "@biomejs/cli-linux-x64-musl":
      optional: true
    "@biomejs/cli-win32-arm64":
      optional: true
    "@biomejs/cli-win32-x64":
      optional: true
  bin:
    biome: bin/biome
  checksum: 10/e347734ee73c921f1f2866c4c2dca220feb3dcf514533a08c1ea96160a9909dd82a49921b229b36eb331309045605e2076fa1b30b9aa4301e62c8ff29d491c1d
  languageName: node
  linkType: hard

"@biomejs/cli-darwin-arm64@npm:2.4.5":
  version: 2.4.5
  resolution: "@biomejs/cli-darwin-arm64@npm:2.4.5"
  conditions: os=darwin & cpu=arm64
  languageName: node
  linkType: hard

"@biomejs/cli-darwin-x64@npm:2.4.5":
  version: 2.4.5
  resolution: "@biomejs/cli-darwin-x64@npm:2.4.5"
  conditions: os=darwin & cpu=x64
  languageName: node
  linkType: hard

"@biomejs/cli-linux-arm64-musl@npm:2.4.5":
  version: 2.4.5
  resolution: "@biomejs/cli-linux-arm64-musl@npm:2.4.5"
  conditions: os=linux & cpu=arm64 & libc=musl
  languageName: node
  linkType: hard

"@biomejs/cli-linux-arm64@npm:2.4.5":
  version: 2.4.5
  resolution: "@biomejs/cli-linux-arm64@npm:2.4.5"
  conditions: os=linux & cpu=arm64 & libc=glibc
  languageName: node
  linkType: hard

"@biomejs/cli-linux-x64-musl@npm:2.4.5":
  version: 2.4.5
  resolution: "@biomejs/cli-linux-x64-musl@npm:2.4.5"
  conditions: os=linux & cpu=x64 & libc=musl
  languageName: node
  linkType: hard

"@biomejs/cli-linux-x64@npm:2.4.5":
  version: 2.4.5
  resolution: "@biomejs/cli-linux-x64@npm:2.4.5"
  conditions: os=linux & cpu=x64 & libc=glibc
  languageName: node
  linkType: hard

"@biomejs/cli-win32-arm64@npm:2.4.5":
  version: 2.4.5
  resolution: "@biomejs/cli-win32-arm64@npm:2.4.5"
  conditions: os=win32 & cpu=arm64
  languageName: node
  linkType: hard

"@biomejs/cli-win32-x64@npm:2.4.5":
  version: 2.4.5
  resolution: "@biomejs/cli-win32-x64@npm:2.4.5"
  conditions: os=win32 & cpu=x64
  languageName: node
  linkType: hard

"@fzed51/green-terminal@workspace:.":
  version: 0.0.0-use.local
  resolution: "@fzed51/green-terminal@workspace:."
  dependencies:
    "@biomejs/biome": "npm:2.4.5"
    "@types/react": "npm:^19"
    "@types/react-dom": "npm:^19"
    react: "npm:^19"
    react-dom: "npm:^19"
    typescript: "npm:~5.9.3"
  languageName: unknown
  linkType: soft

"@types/react-dom@npm:^19":
  version: 19.2.3
  resolution: "@types/react-dom@npm:19.2.3"
  peerDependencies:
    "@types/react": ^19.2.0
  checksum: 10/616c4a8aee250ea05fb1e7b98e7e00475dd3a6c1c30d7be18b4b93caba832f4203106b3a496a6b147e5acc2da14575eca47bce234c633bca1f8430ef8ffb234a
  languageName: node
  linkType: hard

"@types/react@npm:^19":
  version: 19.2.14
  resolution: "@types/react@npm:19.2.14"
  dependencies:
    csstype: "npm:^3.2.2"
  checksum: 10/fbff239089ee64b6bd9b00543594db498278b06de527ef1b0f71bb0eb09cc4445a71b5dd3c0d3d0257255c4eed94406be40a74ad4a987ade8a8d5dd65c82bc5f
  languageName: node
  linkType: hard

"csstype@npm:^3.2.2":
  version: 3.2.3
  resolution: "csstype@npm:3.2.3"
  checksum: 10/ad41baf7e2ffac65ab544d79107bf7cd1a4bb9bab9ac3302f59ab4ba655d5e30942a8ae46e10ba160c6f4ecea464cc95b975ca2fefbdeeacd6ac63f12f99fe1f
  languageName: node
  linkType: hard

"react-dom@npm:^19":
  version: 19.2.4
  resolution: "react-dom@npm:19.2.4"
  dependencies:
    scheduler: "npm:^0.27.0"
  peerDependencies:
    react: ^19.2.4
  checksum: 10/ec17721a8cb131bc33480a9f738bc5bbfe4bd11b11cf69f3f473605346578a329ad26ceef6ef0761ea67a4b455803407dd7ed4ba3d8a5abd2cee8c32d221e498
  languageName: node
  linkType: hard

"react@npm:^19":
  version: 19.2.4
  resolution: "react@npm:19.2.4"
  checksum: 10/18179fe217f67eb2d0bc61cd04e7ad3c282ea09a1dface7eacd71816f62609f4bbf566c447c704335284deb8397b00bca084e0cd60e6f437279a7498e2d0bfe0
  languageName: node
  linkType: hard

"scheduler@npm:^0.27.0":
  version: 0.27.0
  resolution: "scheduler@npm:0.27.0"
  checksum: 10/eab3c3a8373195173e59c147224fc30dabe6dd453f248f5e610e8458512a5a2ee3a06465dc400ebfe6d35c9f5b7f3bb6b2e41c88c86fd177c25a73e7286a1e06
  languageName: node
  linkType: hard

"typescript@npm:~5.9.3":
  version: 5.9.3
  resolution: "typescript@npm:5.9.3"
  bin:
    tsc: bin/tsc
    tsserver: bin/tsserver
  checksum: 10/c089d9d3da2729fd4ac517f9b0e0485914c4b3c26f80dc0cffcb5de1719a17951e92425d55db59515c1a7ddab65808466debb864d0d56dcf43f27007d0709594
  languageName: node
  linkType: hard

"typescript@patch:typescript@npm%3A~5.9.3#optional!builtin<compat/typescript>":
  version: 5.9.3
  resolution: "typescript@patch:typescript@npm%3A5.9.3#optional!builtin<compat/typescript>::version=5.9.3&hash=5786d5"
  bin:
    tsc: bin/tsc
    tsserver: bin/tsserver
  checksum: 10/696e1b017bc2635f4e0c94eb4435357701008e2f272f553d06e35b494b8ddc60aa221145e286c28ace0c89ee32827a28c2040e3a69bdc108b1a5dc8fb40b72e3
  languageName: node
  linkType: hard
